// !$*UTF8*$!
{
	archiveVersion = 1;
	classes = {
	};
	objectVersion = 50;
	objects = {

/* Begin PBXBuildFile section */
		280FE133FF22D5801D4DB55C /* Pods_In100gram.framework in Frameworks */ = {isa = PBXBuildFile; fileRef = CB568D2805C2B396160BADB7 /* Pods_In100gram.framework */; };
		C31DFCE421298708008DC572 /* AppDelegate.swift in Sources */ = {isa = PBXBuildFile; fileRef = C31DFCE321298708008DC572 /* AppDelegate.swift */; };
		C31DFCE621298708008DC572 /* UserViewController.swift in Sources */ = {isa = PBXBuildFile; fileRef = C31DFCE521298708008DC572 /* UserViewController.swift */; };
		C31DFCE921298708008DC572 /* Main.storyboard in Resources */ = {isa = PBXBuildFile; fileRef = C31DFCE721298708008DC572 /* Main.storyboard */; };
		C31DFCEB21298709008DC572 /* Assets.xcassets in Resources */ = {isa = PBXBuildFile; fileRef = C31DFCEA21298709008DC572 /* Assets.xcassets */; };
		C31DFCEE21298709008DC572 /* LaunchScreen.storyboard in Resources */ = {isa = PBXBuildFile; fileRef = C31DFCEC21298709008DC572 /* LaunchScreen.storyboard */; };
		C31DFCF8212C1ABE008DC572 /* User.swift in Sources */ = {isa = PBXBuildFile; fileRef = C31DFCF7212C1ABE008DC572 /* User.swift */; };
		C3B043A6212C6A1200315015 /* RequestRouter.swift in Sources */ = {isa = PBXBuildFile; fileRef = C3B043A5212C6A1200315015 /* RequestRouter.swift */; };
		C3B043A9212C6C0A00315015 /* AbstractRequestFactory.swift in Sources */ = {isa = PBXBuildFile; fileRef = C3B043A8212C6C0A00315015 /* AbstractRequestFactory.swift */; };
		C3B043AB212E983300315015 /* RequestFactory.swift in Sources */ = {isa = PBXBuildFile; fileRef = C3B043AA212E983300315015 /* RequestFactory.swift */; };
		C3B043AE212EDF0E00315015 /* AuthRequestFactory.swift in Sources */ = {isa = PBXBuildFile; fileRef = C3B043AD212EDF0E00315015 /* AuthRequestFactory.swift */; };
		C3B043B0212EF66A00315015 /* LoginRequest.swift in Sources */ = {isa = PBXBuildFile; fileRef = C3B043AF212EF66A00315015 /* LoginRequest.swift */; };
		C3B043B2212EF86200315015 /* RequestModel.swift in Sources */ = {isa = PBXBuildFile; fileRef = C3B043B1212EF86200315015 /* RequestModel.swift */; };
		C3B043B4212F53BC00315015 /* LoginResponse.swift in Sources */ = {isa = PBXBuildFile; fileRef = C3B043B3212F53BC00315015 /* LoginResponse.swift */; };
		C3B043B82131276100315015 /* AbstractAuthRouter.swift in Sources */ = {isa = PBXBuildFile; fileRef = C3B043B72131276100315015 /* AbstractAuthRouter.swift */; };
		C3B043BA2131291500315015 /* AuthRouter.swift in Sources */ = {isa = PBXBuildFile; fileRef = C3B043B92131291500315015 /* AuthRouter.swift */; };
		C3B043BD21312DEB00315015 /* AbstractAuthBuilder.swift in Sources */ = {isa = PBXBuildFile; fileRef = C3B043BC21312DEB00315015 /* AbstractAuthBuilder.swift */; };
		C3B043BF21312EB800315015 /* AuthBuilder.swift in Sources */ = {isa = PBXBuildFile; fileRef = C3B043BE21312EB800315015 /* AuthBuilder.swift */; };
		C3B147CB212C22910073972C /* Credential.swift in Sources */ = {isa = PBXBuildFile; fileRef = C3B147CA212C22910073972C /* Credential.swift */; };
		C3B147D1212C304B0073972C /* AuthViewController.swift in Sources */ = {isa = PBXBuildFile; fileRef = C3B147D0212C304B0073972C /* AuthViewController.swift */; };
		C3B147D7212C677B0073972C /* SessionManagerFactory.swift in Sources */ = {isa = PBXBuildFile; fileRef = C3B147D6212C677B0073972C /* SessionManagerFactory.swift */; };
/* End PBXBuildFile section */

/* Begin PBXFileReference section */
		7B787DF62643202484EDB8DB /* Pods-In100gram.release.xcconfig */ = {isa = PBXFileReference; includeInIndex = 1; lastKnownFileType = text.xcconfig; name = "Pods-In100gram.release.xcconfig"; path = "Pods/Target Support Files/Pods-In100gram/Pods-In100gram.release.xcconfig"; sourceTree = "<group>"; };
		A82AE16E6EF6D795449C6D5A /* Pods-In100gram.debug.xcconfig */ = {isa = PBXFileReference; includeInIndex = 1; lastKnownFileType = text.xcconfig; name = "Pods-In100gram.debug.xcconfig"; path = "Pods/Target Support Files/Pods-In100gram/Pods-In100gram.debug.xcconfig"; sourceTree = "<group>"; };
		C31DFCE021298708008DC572 /* In100gram.app */ = {isa = PBXFileReference; explicitFileType = wrapper.application; includeInIndex = 0; path = In100gram.app; sourceTree = BUILT_PRODUCTS_DIR; };
		C31DFCE321298708008DC572 /* AppDelegate.swift */ = {isa = PBXFileReference; lastKnownFileType = sourcecode.swift; path = AppDelegate.swift; sourceTree = "<group>"; };
		C31DFCE521298708008DC572 /* UserViewController.swift */ = {isa = PBXFileReference; lastKnownFileType = sourcecode.swift; path = UserViewController.swift; sourceTree = "<group>"; };
		C31DFCE821298708008DC572 /* Base */ = {isa = PBXFileReference; lastKnownFileType = file.storyboard; name = Base; path = Base.lproj/Main.storyboard; sourceTree = "<group>"; };
		C31DFCEA21298709008DC572 /* Assets.xcassets */ = {isa = PBXFileReference; lastKnownFileType = folder.assetcatalog; path = Assets.xcassets; sourceTree = "<group>"; };
		C31DFCED21298709008DC572 /* Base */ = {isa = PBXFileReference; lastKnownFileType = file.storyboard; name = Base; path = Base.lproj/LaunchScreen.storyboard; sourceTree = "<group>"; };
		C31DFCEF21298709008DC572 /* Info.plist */ = {isa = PBXFileReference; lastKnownFileType = text.plist.xml; path = Info.plist; sourceTree = "<group>"; };
		C31DFCF7212C1ABE008DC572 /* User.swift */ = {isa = PBXFileReference; lastKnownFileType = sourcecode.swift; path = User.swift; sourceTree = "<group>"; };
		C3B043A5212C6A1200315015 /* RequestRouter.swift */ = {isa = PBXFileReference; lastKnownFileType = sourcecode.swift; path = RequestRouter.swift; sourceTree = "<group>"; };
		C3B043A8212C6C0A00315015 /* AbstractRequestFactory.swift */ = {isa = PBXFileReference; lastKnownFileType = sourcecode.swift; path = AbstractRequestFactory.swift; sourceTree = "<group>"; };
		C3B043AA212E983300315015 /* RequestFactory.swift */ = {isa = PBXFileReference; lastKnownFileType = sourcecode.swift; path = RequestFactory.swift; sourceTree = "<group>"; };
		C3B043AD212EDF0E00315015 /* AuthRequestFactory.swift */ = {isa = PBXFileReference; lastKnownFileType = sourcecode.swift; path = AuthRequestFactory.swift; sourceTree = "<group>"; };
		C3B043AF212EF66A00315015 /* LoginRequest.swift */ = {isa = PBXFileReference; lastKnownFileType = sourcecode.swift; path = LoginRequest.swift; sourceTree = "<group>"; };
		C3B043B1212EF86200315015 /* RequestModel.swift */ = {isa = PBXFileReference; lastKnownFileType = sourcecode.swift; path = RequestModel.swift; sourceTree = "<group>"; };
		C3B043B3212F53BC00315015 /* LoginResponse.swift */ = {isa = PBXFileReference; lastKnownFileType = sourcecode.swift; path = LoginResponse.swift; sourceTree = "<group>"; };
		C3B043B72131276100315015 /* AbstractAuthRouter.swift */ = {isa = PBXFileReference; lastKnownFileType = sourcecode.swift; path = AbstractAuthRouter.swift; sourceTree = "<group>"; };
		C3B043B92131291500315015 /* AuthRouter.swift */ = {isa = PBXFileReference; lastKnownFileType = sourcecode.swift; path = AuthRouter.swift; sourceTree = "<group>"; };
		C3B043BC21312DEB00315015 /* AbstractAuthBuilder.swift */ = {isa = PBXFileReference; lastKnownFileType = sourcecode.swift; path = AbstractAuthBuilder.swift; sourceTree = "<group>"; };
		C3B043BE21312EB800315015 /* AuthBuilder.swift */ = {isa = PBXFileReference; lastKnownFileType = sourcecode.swift; path = AuthBuilder.swift; sourceTree = "<group>"; };
		C3B147CA212C22910073972C /* Credential.swift */ = {isa = PBXFileReference; lastKnownFileType = sourcecode.swift; path = Credential.swift; sourceTree = "<group>"; };
		C3B147D0212C304B0073972C /* AuthViewController.swift */ = {isa = PBXFileReference; lastKnownFileType = sourcecode.swift; path = AuthViewController.swift; sourceTree = "<group>"; };
		C3B147D6212C677B0073972C /* SessionManagerFactory.swift */ = {isa = PBXFileReference; lastKnownFileType = sourcecode.swift; path = SessionManagerFactory.swift; sourceTree = "<group>"; };
		CB568D2805C2B396160BADB7 /* Pods_In100gram.framework */ = {isa = PBXFileReference; explicitFileType = wrapper.framework; includeInIndex = 0; path = Pods_In100gram.framework; sourceTree = BUILT_PRODUCTS_DIR; };
/* End PBXFileReference section */

/* Begin PBXFrameworksBuildPhase section */
		C31DFCDD21298708008DC572 /* Frameworks */ = {
			isa = PBXFrameworksBuildPhase;
			buildActionMask = 2147483647;
			files = (
				280FE133FF22D5801D4DB55C /* Pods_In100gram.framework in Frameworks */,
			);
			runOnlyForDeploymentPostprocessing = 0;
		};
/* End PBXFrameworksBuildPhase section */

/* Begin PBXGroup section */
		802F2B9157A3E06ACDC794ED /* Pods */ = {
			isa = PBXGroup;
			children = (
				A82AE16E6EF6D795449C6D5A /* Pods-In100gram.debug.xcconfig */,
				7B787DF62643202484EDB8DB /* Pods-In100gram.release.xcconfig */,
			);
			name = Pods;
			sourceTree = "<group>";
		};
		C31DFCD721298708008DC572 = {
			isa = PBXGroup;
			children = (
				C31DFCE221298708008DC572 /* In100gram */,
				C31DFCE121298708008DC572 /* Products */,
				802F2B9157A3E06ACDC794ED /* Pods */,
				C3DD4FD5EAEDD6B50E8192BC /* Frameworks */,
			);
			sourceTree = "<group>";
		};
		C31DFCE121298708008DC572 /* Products */ = {
			isa = PBXGroup;
			children = (
				C31DFCE021298708008DC572 /* In100gram.app */,
			);
			name = Products;
			sourceTree = "<group>";
		};
		C31DFCE221298708008DC572 /* In100gram */ = {
			isa = PBXGroup;
			children = (
				C3B147D4212C67310073972C /* Core */,
				C3B147C9212C22800073972C /* Utils */,
				C31DFCF5212C1AA1008DC572 /* App */,
				C31DFCE321298708008DC572 /* AppDelegate.swift */,
				C31DFCE721298708008DC572 /* Main.storyboard */,
				C31DFCEA21298709008DC572 /* Assets.xcassets */,
				C31DFCEC21298709008DC572 /* LaunchScreen.storyboard */,
				C31DFCEF21298709008DC572 /* Info.plist */,
			);
			path = In100gram;
			sourceTree = "<group>";
		};
		C31DFCF5212C1AA1008DC572 /* App */ = {
			isa = PBXGroup;
			children = (
				C3B147CF212C302B0073972C /* Controllers */,
				C31DFCF6212C1AAB008DC572 /* Entities */,
			);
			path = App;
			sourceTree = "<group>";
		};
		C31DFCF6212C1AAB008DC572 /* Entities */ = {
			isa = PBXGroup;
			children = (
				C31DFCF7212C1ABE008DC572 /* User.swift */,
				C3B043AF212EF66A00315015 /* LoginRequest.swift */,
				C3B043B1212EF86200315015 /* RequestModel.swift */,
				C3B043B3212F53BC00315015 /* LoginResponse.swift */,
			);
			path = Entities;
			sourceTree = "<group>";
		};
		C3B043A7212C6B2500315015 /* Requests */ = {
			isa = PBXGroup;
			children = (
				C3B043AC212EDEF900315015 /* Authorization */,
				C3B043A5212C6A1200315015 /* RequestRouter.swift */,
				C3B043A8212C6C0A00315015 /* AbstractRequestFactory.swift */,
				C3B043AA212E983300315015 /* RequestFactory.swift */,
			);
			path = Requests;
			sourceTree = "<group>";
		};
		C3B043AC212EDEF900315015 /* Authorization */ = {
			isa = PBXGroup;
			children = (
				C3B043AD212EDF0E00315015 /* AuthRequestFactory.swift */,
			);
			path = Authorization;
			sourceTree = "<group>";
		};
		C3B043B5213126FC00315015 /* Authorization */ = {
			isa = PBXGroup;
			children = (
				C3B043BB21312DA500315015 /* Builder */,
				C3B043B62131273000315015 /* Router */,
				C3B147D0212C304B0073972C /* AuthViewController.swift */,
			);
			path = Authorization;
			sourceTree = "<group>";
		};
		C3B043B62131273000315015 /* Router */ = {
			isa = PBXGroup;
			children = (
				C3B043B72131276100315015 /* AbstractAuthRouter.swift */,
				C3B043B92131291500315015 /* AuthRouter.swift */,
			);
			path = Router;
			sourceTree = "<group>";
		};
		C3B043BB21312DA500315015 /* Builder */ = {
			isa = PBXGroup;
			children = (
				C3B043BC21312DEB00315015 /* AbstractAuthBuilder.swift */,
				C3B043BE21312EB800315015 /* AuthBuilder.swift */,
			);
			path = Builder;
			sourceTree = "<group>";
		};
		C3B147C9212C22800073972C /* Utils */ = {
			isa = PBXGroup;
			children = (
				C3B147CA212C22910073972C /* Credential.swift */,
			);
			path = Utils;
			sourceTree = "<group>";
		};
		C3B147CF212C302B0073972C /* Controllers */ = {
			isa = PBXGroup;
			children = (
				C3B043B5213126FC00315015 /* Authorization */,
				C31DFCE521298708008DC572 /* UserViewController.swift */,
			);
			path = Controllers;
			sourceTree = "<group>";
		};
		C3B147D4212C67310073972C /* Core */ = {
			isa = PBXGroup;
			children = (
				C3B147D5212C67600073972C /* Network */,
			);
			path = Core;
			sourceTree = "<group>";
		};
		C3B147D5212C67600073972C /* Network */ = {
			isa = PBXGroup;
			children = (
				C3B043A7212C6B2500315015 /* Requests */,
				C3B147D6212C677B0073972C /* SessionManagerFactory.swift */,
			);
			path = Network;
			sourceTree = "<group>";
		};
		C3DD4FD5EAEDD6B50E8192BC /* Frameworks */ = {
			isa = PBXGroup;
			children = (
				CB568D2805C2B396160BADB7 /* Pods_In100gram.framework */,
			);
			name = Frameworks;
			sourceTree = "<group>";
		};
/* End PBXGroup section */

/* Begin PBXNativeTarget section */
		C31DFCDF21298708008DC572 /* In100gram */ = {
			isa = PBXNativeTarget;
			buildConfigurationList = C31DFCF221298709008DC572 /* Build configuration list for PBXNativeTarget "In100gram" */;
			buildPhases = (
				1C9456F3875E940EF16D072B /* [CP] Check Pods Manifest.lock */,
				C31DFCDC21298708008DC572 /* Sources */,
				C31DFCDD21298708008DC572 /* Frameworks */,
				C31DFCDE21298708008DC572 /* Resources */,
				82577B7C7235A316EF877EC6 /* [CP] Embed Pods Frameworks */,
			);
			buildRules = (
			);
			dependencies = (
			);
			name = In100gram;
			productName = In100gram;
			productReference = C31DFCE021298708008DC572 /* In100gram.app */;
			productType = "com.apple.product-type.application";
		};
/* End PBXNativeTarget section */

/* Begin PBXProject section */
		C31DFCD821298708008DC572 /* Project object */ = {
			isa = PBXProject;
			attributes = {
				LastSwiftUpdateCheck = 0940;
				LastUpgradeCheck = 0940;
				ORGANIZATIONNAME = "Артем Полушин";
				TargetAttributes = {
					C31DFCDF21298708008DC572 = {
						CreatedOnToolsVersion = 9.4.1;
					};
				};
			};
			buildConfigurationList = C31DFCDB21298708008DC572 /* Build configuration list for PBXProject "In100gram" */;
			compatibilityVersion = "Xcode 9.3";
			developmentRegion = en;
			hasScannedForEncodings = 0;
			knownRegions = (
				en,
				Base,
			);
			mainGroup = C31DFCD721298708008DC572;
			productRefGroup = C31DFCE121298708008DC572 /* Products */;
			projectDirPath = "";
			projectRoot = "";
			targets = (
				C31DFCDF21298708008DC572 /* In100gram */,
			);
		};
/* End PBXProject section */

/* Begin PBXResourcesBuildPhase section */
		C31DFCDE21298708008DC572 /* Resources */ = {
			isa = PBXResourcesBuildPhase;
			buildActionMask = 2147483647;
			files = (
				C31DFCEE21298709008DC572 /* LaunchScreen.storyboard in Resources */,
				C31DFCEB21298709008DC572 /* Assets.xcassets in Resources */,
				C31DFCE921298708008DC572 /* Main.storyboard in Resources */,
			);
			runOnlyForDeploymentPostprocessing = 0;
		};
/* End PBXResourcesBuildPhase section */

/* Begin PBXShellScriptBuildPhase section */
		1C9456F3875E940EF16D072B /* [CP] Check Pods Manifest.lock */ = {
			isa = PBXShellScriptBuildPhase;
			buildActionMask = 2147483647;
			files = (
			);
			inputPaths = (
				"${PODS_PODFILE_DIR_PATH}/Podfile.lock",
				"${PODS_ROOT}/Manifest.lock",
			);
			name = "[CP] Check Pods Manifest.lock";
			outputPaths = (
				"$(DERIVED_FILE_DIR)/Pods-In100gram-checkManifestLockResult.txt",
			);
			runOnlyForDeploymentPostprocessing = 0;
			shellPath = /bin/sh;
			shellScript = "diff \"${PODS_PODFILE_DIR_PATH}/Podfile.lock\" \"${PODS_ROOT}/Manifest.lock\" > /dev/null\nif [ $? != 0 ] ; then\n    # print error to STDERR\n    echo \"error: The sandbox is not in sync with the Podfile.lock. Run 'pod install' or update your CocoaPods installation.\" >&2\n    exit 1\nfi\n# This output is used by Xcode 'outputs' to avoid re-running this script phase.\necho \"SUCCESS\" > \"${SCRIPT_OUTPUT_FILE_0}\"\n";
			showEnvVarsInLog = 0;
		};
		82577B7C7235A316EF877EC6 /* [CP] Embed Pods Frameworks */ = {
			isa = PBXShellScriptBuildPhase;
			buildActionMask = 2147483647;
			files = (
			);
			inputPaths = (
				"${SRCROOT}/Pods/Target Support Files/Pods-In100gram/Pods-In100gram-frameworks.sh",
				"${BUILT_PRODUCTS_DIR}/Alamofire/Alamofire.framework",
				"${BUILT_PRODUCTS_DIR}/Locksmith/Locksmith.framework",
			);
			name = "[CP] Embed Pods Frameworks";
			outputPaths = (
				"${TARGET_BUILD_DIR}/${FRAMEWORKS_FOLDER_PATH}/Alamofire.framework",
				"${TARGET_BUILD_DIR}/${FRAMEWORKS_FOLDER_PATH}/Locksmith.framework",
			);
			runOnlyForDeploymentPostprocessing = 0;
			shellPath = /bin/sh;
			shellScript = "\"${SRCROOT}/Pods/Target Support Files/Pods-In100gram/Pods-In100gram-frameworks.sh\"\n";
			showEnvVarsInLog = 0;
		};
/* End PBXShellScriptBuildPhase section */

/* Begin PBXSourcesBuildPhase section */
		C31DFCDC21298708008DC572 /* Sources */ = {
			isa = PBXSourcesBuildPhase;
			buildActionMask = 2147483647;
			files = (
				C3B043AB212E983300315015 /* RequestFactory.swift in Sources */,
				C3B043BD21312DEB00315015 /* AbstractAuthBuilder.swift in Sources */,
				C3B043A9212C6C0A00315015 /* AbstractRequestFactory.swift in Sources */,
				C3B043BF21312EB800315015 /* AuthBuilder.swift in Sources */,
				C3B043AE212EDF0E00315015 /* AuthRequestFactory.swift in Sources */,
				C31DFCE621298708008DC572 /* UserViewController.swift in Sources */,
				C3B043B4212F53BC00315015 /* LoginResponse.swift in Sources */,
				C31DFCE421298708008DC572 /* AppDelegate.swift in Sources */,
				C3B147CB212C22910073972C /* Credential.swift in Sources */,
				C3B043BA2131291500315015 /* AuthRouter.swift in Sources */,
				C3B043B82131276100315015 /* AbstractAuthRouter.swift in Sources */,
				C3B147D1212C304B0073972C /* AuthViewController.swift in Sources */,
				C3B147D7212C677B0073972C /* SessionManagerFactory.swift in Sources */,
				C3B043B0212EF66A00315015 /* LoginRequest.swift in Sources */,
				C3B043B2212EF86200315015 /* RequestModel.swift in Sources */,
				C31DFCF8212C1ABE008DC572 /* User.swift in Sources */,
				C3B043A6212C6A1200315015 /* RequestRouter.swift in Sources */,
			);
			runOnlyForDeploymentPostprocessing = 0;
		};
/* End PBXSourcesBuildPhase section */

/* Begin PBXVariantGroup section */
		C31DFCE721298708008DC572 /* Main.storyboard */ = {
			isa = PBXVariantGroup;
			children = (
				C31DFCE821298708008DC572 /* Base */,
			);
			name = Main.storyboard;
			sourceTree = "<group>";
		};
		C31DFCEC21298709008DC572 /* LaunchScreen.storyboard */ = {
			isa = PBXVariantGroup;
			children = (
				C31DFCED21298709008DC572 /* Base */,
			);
			name = LaunchScreen.storyboard;
			sourceTree = "<group>";
		};
/* End PBXVariantGroup section */

/* Begin XCBuildConfiguration section */
		C31DFCF021298709008DC572 /* Debug */ = {
			isa = XCBuildConfiguration;
			buildSettings = {
				ALWAYS_SEARCH_USER_PATHS = NO;
				CLANG_ANALYZER_NONNULL = YES;
				CLANG_ANALYZER_NUMBER_OBJECT_CONVERSION = YES_AGGRESSIVE;
				CLANG_CXX_LANGUAGE_STANDARD = "gnu++14";
				CLANG_CXX_LIBRARY = "libc++";
				CLANG_ENABLE_MODULES = YES;
				CLANG_ENABLE_OBJC_ARC = YES;
				CLANG_ENABLE_OBJC_WEAK = YES;
				CLANG_WARN_BLOCK_CAPTURE_AUTORELEASING = YES;
				CLANG_WARN_BOOL_CONVERSION = YES;
				CLANG_WARN_COMMA = YES;
				CLANG_WARN_CONSTANT_CONVERSION = YES;
				CLANG_WARN_DEPRECATED_OBJC_IMPLEMENTATIONS = YES;
				CLANG_WARN_DIRECT_OBJC_ISA_USAGE = YES_ERROR;
				CLANG_WARN_DOCUMENTATION_COMMENTS = YES;
				CLANG_WARN_EMPTY_BODY = YES;
				CLANG_WARN_ENUM_CONVERSION = YES;
				CLANG_WARN_INFINITE_RECURSION = YES;
				CLANG_WARN_INT_CONVERSION = YES;
				CLANG_WARN_NON_LITERAL_NULL_CONVERSION = YES;
				CLANG_WARN_OBJC_IMPLICIT_RETAIN_SELF = YES;
				CLANG_WARN_OBJC_LITERAL_CONVERSION = YES;
				CLANG_WARN_OBJC_ROOT_CLASS = YES_ERROR;
				CLANG_WARN_RANGE_LOOP_ANALYSIS = YES;
				CLANG_WARN_STRICT_PROTOTYPES = YES;
				CLANG_WARN_SUSPICIOUS_MOVE = YES;
				CLANG_WARN_UNGUARDED_AVAILABILITY = YES_AGGRESSIVE;
				CLANG_WARN_UNREACHABLE_CODE = YES;
				CLANG_WARN__DUPLICATE_METHOD_MATCH = YES;
				CODE_SIGN_IDENTITY = "iPhone Developer";
				COPY_PHASE_STRIP = NO;
				DEBUG_INFORMATION_FORMAT = dwarf;
				ENABLE_STRICT_OBJC_MSGSEND = YES;
				ENABLE_TESTABILITY = YES;
				GCC_C_LANGUAGE_STANDARD = gnu11;
				GCC_DYNAMIC_NO_PIC = NO;
				GCC_NO_COMMON_BLOCKS = YES;
				GCC_OPTIMIZATION_LEVEL = 0;
				GCC_PREPROCESSOR_DEFINITIONS = (
					"DEBUG=1",
					"$(inherited)",
				);
				GCC_WARN_64_TO_32_BIT_CONVERSION = YES;
				GCC_WARN_ABOUT_RETURN_TYPE = YES_ERROR;
				GCC_WARN_UNDECLARED_SELECTOR = YES;
				GCC_WARN_UNINITIALIZED_AUTOS = YES_AGGRESSIVE;
				GCC_WARN_UNUSED_FUNCTION = YES;
				GCC_WARN_UNUSED_VARIABLE = YES;
				IPHONEOS_DEPLOYMENT_TARGET = 11.4;
				MTL_ENABLE_DEBUG_INFO = YES;
				ONLY_ACTIVE_ARCH = YES;
				SDKROOT = iphoneos;
				SWIFT_ACTIVE_COMPILATION_CONDITIONS = DEBUG;
				SWIFT_OPTIMIZATION_LEVEL = "-Onone";
			};
			name = Debug;
		};
		C31DFCF121298709008DC572 /* Release */ = {
			isa = XCBuildConfiguration;
			buildSettings = {
				ALWAYS_SEARCH_USER_PATHS = NO;
				CLANG_ANALYZER_NONNULL = YES;
				CLANG_ANALYZER_NUMBER_OBJECT_CONVERSION = YES_AGGRESSIVE;
				CLANG_CXX_LANGUAGE_STANDARD = "gnu++14";
				CLANG_CXX_LIBRARY = "libc++";
				CLANG_ENABLE_MODULES = YES;
				CLANG_ENABLE_OBJC_ARC = YES;
				CLANG_ENABLE_OBJC_WEAK = YES;
				CLANG_WARN_BLOCK_CAPTURE_AUTORELEASING = YES;
				CLANG_WARN_BOOL_CONVERSION = YES;
				CLANG_WARN_COMMA = YES;
				CLANG_WARN_CONSTANT_CONVERSION = YES;
				CLANG_WARN_DEPRECATED_OBJC_IMPLEMENTATIONS = YES;
				CLANG_WARN_DIRECT_OBJC_ISA_USAGE = YES_ERROR;
				CLANG_WARN_DOCUMENTATION_COMMENTS = YES;
				CLANG_WARN_EMPTY_BODY = YES;
				CLANG_WARN_ENUM_CONVERSION = YES;
				CLANG_WARN_INFINITE_RECURSION = YES;
				CLANG_WARN_INT_CONVERSION = YES;
				CLANG_WARN_NON_LITERAL_NULL_CONVERSION = YES;
				CLANG_WARN_OBJC_IMPLICIT_RETAIN_SELF = YES;
				CLANG_WARN_OBJC_LITERAL_CONVERSION = YES;
				CLANG_WARN_OBJC_ROOT_CLASS = YES_ERROR;
				CLANG_WARN_RANGE_LOOP_ANALYSIS = YES;
				CLANG_WARN_STRICT_PROTOTYPES = YES;
				CLANG_WARN_SUSPICIOUS_MOVE = YES;
				CLANG_WARN_UNGUARDED_AVAILABILITY = YES_AGGRESSIVE;
				CLANG_WARN_UNREACHABLE_CODE = YES;
				CLANG_WARN__DUPLICATE_METHOD_MATCH = YES;
				CODE_SIGN_IDENTITY = "iPhone Developer";
				COPY_PHASE_STRIP = NO;
				DEBUG_INFORMATION_FORMAT = "dwarf-with-dsym";
				ENABLE_NS_ASSERTIONS = NO;
				ENABLE_STRICT_OBJC_MSGSEND = YES;
				GCC_C_LANGUAGE_STANDARD = gnu11;
				GCC_NO_COMMON_BLOCKS = YES;
				GCC_WARN_64_TO_32_BIT_CONVERSION = YES;
				GCC_WARN_ABOUT_RETURN_TYPE = YES_ERROR;
				GCC_WARN_UNDECLARED_SELECTOR = YES;
				GCC_WARN_UNINITIALIZED_AUTOS = YES_AGGRESSIVE;
				GCC_WARN_UNUSED_FUNCTION = YES;
				GCC_WARN_UNUSED_VARIABLE = YES;
				IPHONEOS_DEPLOYMENT_TARGET = 11.4;
				MTL_ENABLE_DEBUG_INFO = NO;
				SDKROOT = iphoneos;
				SWIFT_COMPILATION_MODE = wholemodule;
				SWIFT_OPTIMIZATION_LEVEL = "-O";
				VALIDATE_PRODUCT = YES;
			};
			name = Release;
		};
		C31DFCF321298709008DC572 /* Debug */ = {
			isa = XCBuildConfiguration;
			baseConfigurationReference = A82AE16E6EF6D795449C6D5A /* Pods-In100gram.debug.xcconfig */;
			buildSettings = {
				ASSETCATALOG_COMPILER_APPICON_NAME = AppIcon;
				CODE_SIGN_STYLE = Automatic;
				DEVELOPMENT_TEAM = ZFHZRG4G3Z;
				INFOPLIST_FILE = In100gram/Info.plist;
				LD_RUNPATH_SEARCH_PATHS = (
					"$(inherited)",
					"@executable_path/Frameworks",
				);
				PRODUCT_BUNDLE_IDENTIFIER = soalgate.In100gram;
				PRODUCT_NAME = "$(TARGET_NAME)";
				SWIFT_VERSION = 4.0;
				TARGETED_DEVICE_FAMILY = "1,2";
			};
			name = Debug;
		};
		C31DFCF421298709008DC572 /* Release */ = {
			isa = XCBuildConfiguration;
			baseConfigurationReference = 7B787DF62643202484EDB8DB /* Pods-In100gram.release.xcconfig */;
			buildSettings = {
				ASSETCATALOG_COMPILER_APPICON_NAME = AppIcon;
				CODE_SIGN_STYLE = Automatic;
				DEVELOPMENT_TEAM = ZFHZRG4G3Z;
				INFOPLIST_FILE = In100gram/Info.plist;
				LD_RUNPATH_SEARCH_PATHS = (
					"$(inherited)",
					"@executable_path/Frameworks",
				);
				PRODUCT_BUNDLE_IDENTIFIER = soalgate.In100gram;
				PRODUCT_NAME = "$(TARGET_NAME)";
				SWIFT_VERSION = 4.0;
				TARGETED_DEVICE_FAMILY = "1,2";
			};
			name = Release;
		};
/* End XCBuildConfiguration section */

/* Begin XCConfigurationList section */
		C31DFCDB21298708008DC572 /* Build configuration list for PBXProject "In100gram" */ = {
			isa = XCConfigurationList;
			buildConfigurations = (
				C31DFCF021298709008DC572 /* Debug */,
				C31DFCF121298709008DC572 /* Release */,
			);
			defaultConfigurationIsVisible = 0;
			defaultConfigurationName = Release;
		};
		C31DFCF221298709008DC572 /* Build configuration list for PBXNativeTarget "In100gram" */ = {
			isa = XCConfigurationList;
			buildConfigurations = (
				C31DFCF321298709008DC572 /* Debug */,
				C31DFCF421298709008DC572 /* Release */,
			);
			defaultConfigurationIsVisible = 0;
			defaultConfigurationName = Release;
		};
/* End XCConfigurationList section */
	};
	rootObject = C31DFCD821298708008DC572 /* Project object */;
}
